
Microsoft Visual Studio Solution File, Format Version 12.00
# Visual Studio 15
VisualStudioVersion = 15.0.26124.0
MinimumVisualStudioVersion = 15.0.26124.0
Project("{FAE04EC0-301F-11D3-BF4B-00C04F79EFBC}") = "Ozow.GameOfLife.Web", "Ozow.GameOfLife.Web\Ozow.GameOfLife.Web.csproj", "{F6CCE74D-D664-4116-93EE-E204B185879C}"
EndProject
Project("{FAE04EC0-301F-11D3-BF4B-00C04F79EFBC}") = "Ozow.GameOfLife.Domain", "Ozow.GameOfLife.Domain\Ozow.GameOfLife.Domain.csproj", "{10BFE011-D8A1-4FA1-9436-9AB1753DB204}"
EndProject
Project("{FAE04EC0-301F-11D3-BF4B-00C04F79EFBC}") = "Ozow.GameOfLife.Tests", "Ozow.GameOfLife.Tests\Ozow.GameOfLife.Tests.csproj", "{399EC7FF-8111-4E78-8B97-57C548E70C0D}"
EndProject
Global
	GlobalSection(SolutionConfigurationPlatforms) = preSolution
		Debug|Any CPU = Debug|Any CPU
		Debug|x64 = Debug|x64
		Debug|x86 = Debug|x86
		Release|Any CPU = Release|Any CPU
		Release|x64 = Release|x64
		Release|x86 = Release|x86
	EndGlobalSection
	GlobalSection(SolutionProperties) = preSolution
		HideSolutionNode = FALSE
	EndGlobalSection
	GlobalSection(ProjectConfigurationPlatforms) = postSolution
		{F6CCE74D-D664-4116-93EE-E204B185879C}.Debug|Any CPU.ActiveCfg = Debug|Any CPU
		{F6CCE74D-D664-4116-93EE-E204B185879C}.Debug|Any CPU.Build.0 = Debug|Any CPU
		{F6CCE74D-D664-4116-93EE-E204B185879C}.Debug|x64.ActiveCfg = Debug|Any CPU
		{F6CCE74D-D664-4116-93EE-E204B185879C}.Debug|x64.Build.0 = Debug|Any CPU
		{F6CCE74D-D664-4116-93EE-E204B185879C}.Debug|x86.ActiveCfg = Debug|Any CPU
		{F6CCE74D-D664-4116-93EE-E204B185879C}.Debug|x86.Build.0 = Debug|Any CPU
		{F6CCE74D-D664-4116-93EE-E204B185879C}.Release|Any CPU.ActiveCfg = Release|Any CPU
		{F6CCE74D-D664-4116-93EE-E204B185879C}.Release|Any CPU.Build.0 = Release|Any CPU
		{F6CCE74D-D664-4116-93EE-E204B185879C}.Release|x64.ActiveCfg = Release|Any CPU
		{F6CCE74D-D664-4116-93EE-E204B185879C}.Release|x64.Build.0 = Release|Any CPU
		{F6CCE74D-D664-4116-93EE-E204B185879C}.Release|x86.ActiveCfg = Release|Any CPU
		{F6CCE74D-D664-4116-93EE-E204B185879C}.Release|x86.Build.0 = Release|Any CPU
		{10BFE011-D8A1-4FA1-9436-9AB1753DB204}.Debug|Any CPU.ActiveCfg = Debug|Any CPU
		{10BFE011-D8A1-4FA1-9436-9AB1753DB204}.Debug|Any CPU.Build.0 = Debug|Any CPU
		{10BFE011-D8A1-4FA1-9436-9AB1753DB204}.Debug|x64.ActiveCfg = Debug|Any CPU
		{10BFE011-D8A1-4FA1-9436-9AB1753DB204}.Debug|x64.Build.0 = Debug|Any CPU
		{10BFE011-D8A1-4FA1-9436-9AB1753DB204}.Debug|x86.ActiveCfg = Debug|Any CPU
		{10BFE011-D8A1-4FA1-9436-9AB1753DB204}.Debug|x86.Build.0 = Debug|Any CPU
		{10BFE011-D8A1-4FA1-9436-9AB1753DB204}.Release|Any CPU.ActiveCfg = Release|Any CPU
		{10BFE011-D8A1-4FA1-9436-9AB1753DB204}.Release|Any CPU.Build.0 = Release|Any CPU
		{10BFE011-D8A1-4FA1-9436-9AB1753DB204}.Release|x64.ActiveCfg = Release|Any CPU
		{10BFE011-D8A1-4FA1-9436-9AB1753DB204}.Release|x64.Build.0 = Release|Any CPU
		{10BFE011-D8A1-4FA1-9436-9AB1753DB204}.Release|x86.ActiveCfg = Release|Any CPU
		{10BFE011-D8A1-4FA1-9436-9AB1753DB204}.Release|x86.Build.0 = Release|Any CPU
		{399EC7FF-8111-4E78-8B97-57C548E70C0D}.Debug|Any CPU.ActiveCfg = Debug|Any CPU
		{399EC7FF-8111-4E78-8B97-57C548E70C0D}.Debug|Any CPU.Build.0 = Debug|Any CPU
		{399EC7FF-8111-4E78-8B97-57C548E70C0D}.Debug|x64.ActiveCfg = Debug|Any CPU
		{399EC7FF-8111-4E78-8B97-57C548E70C0D}.Debug|x64.Build.0 = Debug|Any CPU
		{399EC7FF-8111-4E78-8B97-57C548E70C0D}.Debug|x86.ActiveCfg = Debug|Any CPU
		{399EC7FF-8111-4E78-8B97-57C548E70C0D}.Debug|x86.Build.0 = Debug|Any CPU
		{399EC7FF-8111-4E78-8B97-57C548E70C0D}.Release|Any CPU.ActiveCfg = Release|Any CPU
		{399EC7FF-8111-4E78-8B97-57C548E70C0D}.Release|Any CPU.Build.0 = Release|Any CPU
		{399EC7FF-8111-4E78-8B97-57C548E70C0D}.Release|x64.ActiveCfg = Release|Any CPU
		{399EC7FF-8111-4E78-8B97-57C548E70C0D}.Release|x64.Build.0 = Release|Any CPU
		{399EC7FF-8111-4E78-8B97-57C548E70C0D}.Release|x86.ActiveCfg = Release|Any CPU
		{399EC7FF-8111-4E78-8B97-57C548E70C0D}.Release|x86.Build.0 = Release|Any CPU
	EndGlobalSection
EndGlobal
